
Microsoft Visual Studio Solution File, Format Version 12.00
# Visual Studio Version 16
VisualStudioVersion = 16.0.31702.278
MinimumVisualStudioVersion = 10.0.40219.1
Project("{FAE04EC0-301F-11D3-BF4B-00C04F79EFBC}") = "BookStore", "BookStore\BookStore.csproj", "{B046BDC7-5ADF-427E-9A32-03D8A8D0D6AD}"
EndProject
Global
	GlobalSection(SolutionConfigurationPlatforms) = preSolution
		Debug|Any CPU = Debug|Any CPU
		Release|Any CPU = Release|Any CPU
	EndGlobalSection
	GlobalSection(ProjectConfigurationPlatforms) = postSolution
		{B046BDC7-5ADF-427E-9A32-03D8A8D0D6AD}.Debug|Any CPU.ActiveCfg = Debug|Any CPU
		{B046BDC7-5ADF-427E-9A32-03D8A8D0D6AD}.Debug|Any CPU.Build.0 = Debug|Any CPU
		{B046BDC7-5ADF-427E-9A32-03D8A8D0D6AD}.Release|Any CPU.ActiveCfg = Release|Any CPU
		{B046BDC7-5ADF-427E-9A32-03D8A8D0D6AD}.Release|Any CPU.Build.0 = Release|Any CPU
	EndGlobalSection
	GlobalSection(SolutionProperties) = preSolution
		HideSolutionNode = FALSE
	EndGlobalSection
	GlobalSection(ExtensibilityGlobals) = postSolution
		SolutionGuid = {C99C1E77-84B9-417D-BB04-491EE6662827}
	EndGlobalSection
EndGlobal
